
Microsoft Visual Studio Solution File, Format Version 12.00
# Visual Studio Version 16
VisualStudioVersion = 16.0.31321.278
MinimumVisualStudioVersion = 10.0.40219.1
Project("{9A19103F-16F7-4668-BE54-9A1E7A4F7556}") = "FileReader.Api", "FileReader.Api\FileReader.Api.csproj", "{E86E3A32-EC14-446F-8303-B6E7C53C4357}"
EndProject
Global
	GlobalSection(SolutionConfigurationPlatforms) = preSolution
		Debug|Any CPU = Debug|Any CPU
		Release|Any CPU = Release|Any CPU
	EndGlobalSection
	GlobalSection(ProjectConfigurationPlatforms) = postSolution
		{E86E3A32-EC14-446F-8303-B6E7C53C4357}.Debug|Any CPU.ActiveCfg = Debug|Any CPU
		{E86E3A32-EC14-446F-8303-B6E7C53C4357}.Debug|Any CPU.Build.0 = Debug|Any CPU
		{E86E3A32-EC14-446F-8303-B6E7C53C4357}.Release|Any CPU.ActiveCfg = Release|Any CPU
		{E86E3A32-EC14-446F-8303-B6E7C53C4357}.Release|Any CPU.Build.0 = Release|Any CPU
	EndGlobalSection
	GlobalSection(SolutionProperties) = preSolution
		HideSolutionNode = FALSE
	EndGlobalSection
	GlobalSection(ExtensibilityGlobals) = postSolution
		SolutionGuid = {CCF5C167-C448-4D02-B72D-ED54BDE80E26}
	EndGlobalSection
EndGlobal
